
Microsoft Visual Studio Solution File, Format Version 12.00
# Visual Studio Version 17
VisualStudioVersion = 17.5.33627.172
MinimumVisualStudioVersion = 10.0.40219.1
Project("{FAE04EC0-301F-11D3-BF4B-00C04F79EFBC}") = "StockManagementSystem", "StockManagementSystem\StockManagementSystem.csproj", "{B1191D3F-0DF6-4C31-97F5-0EC9992476DA}"
EndProject
Global
	GlobalSection(SolutionConfigurationPlatforms) = preSolution
		Debug|Any CPU = Debug|Any CPU
		Release|Any CPU = Release|Any CPU
	EndGlobalSection
	GlobalSection(ProjectConfigurationPlatforms) = postSolution
		{B1191D3F-0DF6-4C31-97F5-0EC9992476DA}.Debug|Any CPU.ActiveCfg = Debug|Any CPU
		{B1191D3F-0DF6-4C31-97F5-0EC9992476DA}.Debug|Any CPU.Build.0 = Debug|Any CPU
		{B1191D3F-0DF6-4C31-97F5-0EC9992476DA}.Release|Any CPU.ActiveCfg = Release|Any CPU
		{B1191D3F-0DF6-4C31-97F5-0EC9992476DA}.Release|Any CPU.Build.0 = Release|Any CPU
	EndGlobalSection
	GlobalSection(SolutionProperties) = preSolution
		HideSolutionNode = FALSE
	EndGlobalSection
	GlobalSection(ExtensibilityGlobals) = postSolution
		SolutionGuid = {69A4ECC6-4113-450C-8F39-9029E2AB3D84}
	EndGlobalSection
EndGlobal
